
Microsoft Visual Studio Solution File, Format Version 12.00
# Visual Studio 2012
Project("{FAE04EC0-301F-11D3-BF4B-00C04F79EFBC}") = "ResharperPresentation", "ResharperPresentation.csproj", "{B18AFAA7-E5FA-4BC8-A5D5-AE465D31367A}"
EndProject
Project("{FAE04EC0-301F-11D3-BF4B-00C04F79EFBC}") = "ReSharper.Plugins", "..\ReSharper.Plugins\ReSharper.Plugins.csproj", "{9266D9E1-3893-4DFC-B292-364E656129DA}"
EndProject
Project("{FAE04EC0-301F-11D3-BF4B-00C04F79EFBC}") = "ReSharper.Console", "..\ReSharper.Console\ReSharper.Console.csproj", "{8D8D2C70-CDFD-475C-A1B7-E161DA79A298}"
EndProject
Global
	GlobalSection(SolutionConfigurationPlatforms) = preSolution
		Debug|Any CPU = Debug|Any CPU
		Release|Any CPU = Release|Any CPU
	EndGlobalSection
	GlobalSection(ProjectConfigurationPlatforms) = postSolution
		{B18AFAA7-E5FA-4BC8-A5D5-AE465D31367A}.Debug|Any CPU.ActiveCfg = Debug|Any CPU
		{B18AFAA7-E5FA-4BC8-A5D5-AE465D31367A}.Debug|Any CPU.Build.0 = Debug|Any CPU
		{B18AFAA7-E5FA-4BC8-A5D5-AE465D31367A}.Release|Any CPU.ActiveCfg = Release|Any CPU
		{B18AFAA7-E5FA-4BC8-A5D5-AE465D31367A}.Release|Any CPU.Build.0 = Release|Any CPU
		{9266D9E1-3893-4DFC-B292-364E656129DA}.Debug|Any CPU.ActiveCfg = Debug|Any CPU
		{9266D9E1-3893-4DFC-B292-364E656129DA}.Debug|Any CPU.Build.0 = Debug|Any CPU
		{9266D9E1-3893-4DFC-B292-364E656129DA}.Release|Any CPU.ActiveCfg = Release|Any CPU
		{9266D9E1-3893-4DFC-B292-364E656129DA}.Release|Any CPU.Build.0 = Release|Any CPU
		{8D8D2C70-CDFD-475C-A1B7-E161DA79A298}.Debug|Any CPU.ActiveCfg = Debug|Any CPU
		{8D8D2C70-CDFD-475C-A1B7-E161DA79A298}.Debug|Any CPU.Build.0 = Debug|Any CPU
		{8D8D2C70-CDFD-475C-A1B7-E161DA79A298}.Release|Any CPU.ActiveCfg = Release|Any CPU
		{8D8D2C70-CDFD-475C-A1B7-E161DA79A298}.Release|Any CPU.Build.0 = Release|Any CPU
	EndGlobalSection
	GlobalSection(SolutionProperties) = preSolution
		HideSolutionNode = FALSE
	EndGlobalSection
EndGlobal
